
Microsoft Visual Studio Solution File, Format Version 12.00
# Visual Studio 15
VisualStudioVersion = 15.0.27703.2018
MinimumVisualStudioVersion = 10.0.40219.1
Project("{2150E333-8FDC-42A3-9474-1A3956D46DE8}") = "1 - Presentation", "1 - Presentation", "{0FF9474C-D608-4B5F-9358-3116CAAAFBC9}"
EndProject
Project("{2150E333-8FDC-42A3-9474-1A3956D46DE8}") = "2 - Application", "2 - Application", "{9E3946E3-EED3-4CAD-9F5E-526310CF6934}"
EndProject
Project("{2150E333-8FDC-42A3-9474-1A3956D46DE8}") = "3 - Domain", "3 - Domain", "{8C020C5B-A980-4DA3-A18E-99D65C36BF2F}"
EndProject
Project("{2150E333-8FDC-42A3-9474-1A3956D46DE8}") = "4 - Infra", "4 - Infra", "{6B03BBED-FE38-476F-A319-ADBBFD8A0333}"
EndProject
Project("{2150E333-8FDC-42A3-9474-1A3956D46DE8}") = "5 - DataBase", "5 - DataBase", "{376428C6-F885-4C09-AAAC-1C7123D12087}"
EndProject
Project("{2150E333-8FDC-42A3-9474-1A3956D46DE8}") = "Testes", "Testes", "{8B8C4F4C-CC62-4C7E-9AF1-C5C1B6757B9E}"
EndProject
Project("{FAE04EC0-301F-11D3-BF4B-00C04F79EFBC}") = "ControleDeSalas.Application", "ControleDeSalas.Application\ControleDeSalas.Application.csproj", "{00DE63A0-0378-43F8-A045-096B6AFB4CF9}"
EndProject
Project("{FAE04EC0-301F-11D3-BF4B-00C04F79EFBC}") = "ControleDeSalas.Domain", "ControleDeSalas.Domain\ControleDeSalas.Domain.csproj", "{E649D839-ABCC-4B57-80D4-9FEEDF88F68F}"
EndProject
Project("{FAE04EC0-301F-11D3-BF4B-00C04F79EFBC}") = "ControleDeSalas.Infra", "ControleDeSalas.Infra\ControleDeSalas.Infra.csproj", "{AFDA38A3-1135-4519-8042-D7AAA2601344}"
EndProject
Project("{FAE04EC0-301F-11D3-BF4B-00C04F79EFBC}") = "ControleDeSalas.Infra.Data", "ControleDeSalas.Infra.Data\ControleDeSalas.Infra.Data.csproj", "{8279962A-47C0-4D03-8783-E0043BD9AE4C}"
EndProject
Project("{00D1A9C2-B5F0-4AF3-8072-F6C62B433612}") = "DBControleSalas", "DBControleSalas\DBControleSalas.sqlproj", "{E30D6983-C2DA-488E-A563-704E306979CA}"
EndProject
Project("{FAE04EC0-301F-11D3-BF4B-00C04F79EFBC}") = "ControleDeSalas.Application.Test", "ControleDeSalas.Application.Test\ControleDeSalas.Application.Test.csproj", "{FABFD832-D1AD-4F82-803E-E64763A0D7A1}"
EndProject
Project("{FAE04EC0-301F-11D3-BF4B-00C04F79EFBC}") = "ControleDeSalas.Domain.Test", "ControleDeSalas.Domain.Test\ControleDeSalas.Domain.Test.csproj", "{31DB9367-E946-4D27-9EE5-5BEBBAC0F669}"
EndProject
Project("{FAE04EC0-301F-11D3-BF4B-00C04F79EFBC}") = "ControleDeSalas.Infra.Data.Test", "ControleDeSalas.Infra.Data.Test\ControleDeSalas.Infra.Data.Test.csproj", "{CDDB6E12-6EA2-47CC-AF64-2571E01ED267}"
EndProject
Project("{FAE04EC0-301F-11D3-BF4B-00C04F79EFBC}") = "ControleDeSalas.Integration.Test", "ControleDeSalas.Integration.Test\ControleDeSalas.Integration.Test.csproj", "{9A7947D5-79BC-4709-9909-36B1FE33C0A1}"
EndProject
Project("{FAE04EC0-301F-11D3-BF4B-00C04F79EFBC}") = "ControleDeSalas.Common.Test", "ControleDeSalas.Common.Test\ControleDeSalas.Common.Test.csproj", "{DD1970B1-AC5F-492D-932F-E68C2AB7BADF}"
EndProject
Global
	GlobalSection(SolutionConfigurationPlatforms) = preSolution
		Debug|Any CPU = Debug|Any CPU
		Debug|ARM = Debug|ARM
		Debug|x64 = Debug|x64
		Debug|x86 = Debug|x86
		Release|Any CPU = Release|Any CPU
		Release|ARM = Release|ARM
		Release|x64 = Release|x64
		Release|x86 = Release|x86
	EndGlobalSection
	GlobalSection(ProjectConfigurationPlatforms) = postSolution
		{00DE63A0-0378-43F8-A045-096B6AFB4CF9}.Debug|Any CPU.ActiveCfg = Debug|Any CPU
		{00DE63A0-0378-43F8-A045-096B6AFB4CF9}.Debug|Any CPU.Build.0 = Debug|Any CPU
		{00DE63A0-0378-43F8-A045-096B6AFB4CF9}.Debug|ARM.ActiveCfg = Debug|Any CPU
		{00DE63A0-0378-43F8-A045-096B6AFB4CF9}.Debug|ARM.Build.0 = Debug|Any CPU
		{00DE63A0-0378-43F8-A045-096B6AFB4CF9}.Debug|x64.ActiveCfg = Debug|Any CPU
		{00DE63A0-0378-43F8-A045-096B6AFB4CF9}.Debug|x64.Build.0 = Debug|Any CPU
		{00DE63A0-0378-43F8-A045-096B6AFB4CF9}.Debug|x86.ActiveCfg = Debug|Any CPU
		{00DE63A0-0378-43F8-A045-096B6AFB4CF9}.Debug|x86.Build.0 = Debug|Any CPU
		{00DE63A0-0378-43F8-A045-096B6AFB4CF9}.Release|Any CPU.ActiveCfg = Release|Any CPU
		{00DE63A0-0378-43F8-A045-096B6AFB4CF9}.Release|Any CPU.Build.0 = Release|Any CPU
		{00DE63A0-0378-43F8-A045-096B6AFB4CF9}.Release|ARM.ActiveCfg = Release|Any CPU
		{00DE63A0-0378-43F8-A045-096B6AFB4CF9}.Release|ARM.Build.0 = Release|Any CPU
		{00DE63A0-0378-43F8-A045-096B6AFB4CF9}.Release|x64.ActiveCfg = Release|Any CPU
		{00DE63A0-0378-43F8-A045-096B6AFB4CF9}.Release|x64.Build.0 = Release|Any CPU
		{00DE63A0-0378-43F8-A045-096B6AFB4CF9}.Release|x86.ActiveCfg = Release|Any CPU
		{00DE63A0-0378-43F8-A045-096B6AFB4CF9}.Release|x86.Build.0 = Release|Any CPU
		{E649D839-ABCC-4B57-80D4-9FEEDF88F68F}.Debug|Any CPU.ActiveCfg = Debug|Any CPU
		{E649D839-ABCC-4B57-80D4-9FEEDF88F68F}.Debug|Any CPU.Build.0 = Debug|Any CPU
		{E649D839-ABCC-4B57-80D4-9FEEDF88F68F}.Debug|ARM.ActiveCfg = Debug|Any CPU
		{E649D839-ABCC-4B57-80D4-9FEEDF88F68F}.Debug|ARM.Build.0 = Debug|Any CPU
		{E649D839-ABCC-4B57-80D4-9FEEDF88F68F}.Debug|x64.ActiveCfg = Debug|Any CPU
		{E649D839-ABCC-4B57-80D4-9FEEDF88F68F}.Debug|x64.Build.0 = Debug|Any CPU
		{E649D839-ABCC-4B57-80D4-9FEEDF88F68F}.Debug|x86.ActiveCfg = Debug|Any CPU
		{E649D839-ABCC-4B57-80D4-9FEEDF88F68F}.Debug|x86.Build.0 = Debug|Any CPU
		{E649D839-ABCC-4B57-80D4-9FEEDF88F68F}.Release|Any CPU.ActiveCfg = Release|Any CPU
		{E649D839-ABCC-4B57-80D4-9FEEDF88F68F}.Release|Any CPU.Build.0 = Release|Any CPU
		{E649D839-ABCC-4B57-80D4-9FEEDF88F68F}.Release|ARM.ActiveCfg = Release|Any CPU
		{E649D839-ABCC-4B57-80D4-9FEEDF88F68F}.Release|ARM.Build.0 = Release|Any CPU
		{E649D839-ABCC-4B57-80D4-9FEEDF88F68F}.Release|x64.ActiveCfg = Release|Any CPU
		{E649D839-ABCC-4B57-80D4-9FEEDF88F68F}.Release|x64.Build.0 = Release|Any CPU
		{E649D839-ABCC-4B57-80D4-9FEEDF88F68F}.Release|x86.ActiveCfg = Release|Any CPU
		{E649D839-ABCC-4B57-80D4-9FEEDF88F68F}.Release|x86.Build.0 = Release|Any CPU
		{AFDA38A3-1135-4519-8042-D7AAA2601344}.Debug|Any CPU.ActiveCfg = Debug|Any CPU
		{AFDA38A3-1135-4519-8042-D7AAA2601344}.Debug|Any CPU.Build.0 = Debug|Any CPU
		{AFDA38A3-1135-4519-8042-D7AAA2601344}.Debug|ARM.ActiveCfg = Debug|Any CPU
		{AFDA38A3-1135-4519-8042-D7AAA2601344}.Debug|ARM.Build.0 = Debug|Any CPU
		{AFDA38A3-1135-4519-8042-D7AAA2601344}.Debug|x64.ActiveCfg = Debug|Any CPU
		{AFDA38A3-1135-4519-8042-D7AAA2601344}.Debug|x64.Build.0 = Debug|Any CPU
		{AFDA38A3-1135-4519-8042-D7AAA2601344}.Debug|x86.ActiveCfg = Debug|Any CPU
		{AFDA38A3-1135-4519-8042-D7AAA2601344}.Debug|x86.Build.0 = Debug|Any CPU
		{AFDA38A3-1135-4519-8042-D7AAA2601344}.Release|Any CPU.ActiveCfg = Release|Any CPU
		{AFDA38A3-1135-4519-8042-D7AAA2601344}.Release|Any CPU.Build.0 = Release|Any CPU
		{AFDA38A3-1135-4519-8042-D7AAA2601344}.Release|ARM.ActiveCfg = Release|Any CPU
		{AFDA38A3-1135-4519-8042-D7AAA2601344}.Release|ARM.Build.0 = Release|Any CPU
		{AFDA38A3-1135-4519-8042-D7AAA2601344}.Release|x64.ActiveCfg = Release|Any CPU
		{AFDA38A3-1135-4519-8042-D7AAA2601344}.Release|x64.Build.0 = Release|Any CPU
		{AFDA38A3-1135-4519-8042-D7AAA2601344}.Release|x86.ActiveCfg = Release|Any CPU
		{AFDA38A3-1135-4519-8042-D7AAA2601344}.Release|x86.Build.0 = Release|Any CPU
		{8279962A-47C0-4D03-8783-E0043BD9AE4C}.Debug|Any CPU.ActiveCfg = Debug|Any CPU
		{8279962A-47C0-4D03-8783-E0043BD9AE4C}.Debug|Any CPU.Build.0 = Debug|Any CPU
		{8279962A-47C0-4D03-8783-E0043BD9AE4C}.Debug|ARM.ActiveCfg = Debug|Any CPU
		{8279962A-47C0-4D03-8783-E0043BD9AE4C}.Debug|ARM.Build.0 = Debug|Any CPU
		{8279962A-47C0-4D03-8783-E0043BD9AE4C}.Debug|x64.ActiveCfg = Debug|Any CPU
		{8279962A-47C0-4D03-8783-E0043BD9AE4C}.Debug|x64.Build.0 = Debug|Any CPU
		{8279962A-47C0-4D03-8783-E0043BD9AE4C}.Debug|x86.ActiveCfg = Debug|Any CPU
		{8279962A-47C0-4D03-8783-E0043BD9AE4C}.Debug|x86.Build.0 = Debug|Any CPU
		{8279962A-47C0-4D03-8783-E0043BD9AE4C}.Release|Any CPU.ActiveCfg = Release|Any CPU
		{8279962A-47C0-4D03-8783-E0043BD9AE4C}.Release|Any CPU.Build.0 = Release|Any CPU
		{8279962A-47C0-4D03-8783-E0043BD9AE4C}.Release|ARM.ActiveCfg = Release|Any CPU
		{8279962A-47C0-4D03-8783-E0043BD9AE4C}.Release|ARM.Build.0 = Release|Any CPU
		{8279962A-47C0-4D03-8783-E0043BD9AE4C}.Release|x64.ActiveCfg = Release|Any CPU
		{8279962A-47C0-4D03-8783-E0043BD9AE4C}.Release|x64.Build.0 = Release|Any CPU
		{8279962A-47C0-4D03-8783-E0043BD9AE4C}.Release|x86.ActiveCfg = Release|Any CPU
		{8279962A-47C0-4D03-8783-E0043BD9AE4C}.Release|x86.Build.0 = Release|Any CPU
		{E30D6983-C2DA-488E-A563-704E306979CA}.Debug|Any CPU.ActiveCfg = Debug|Any CPU
		{E30D6983-C2DA-488E-A563-704E306979CA}.Debug|Any CPU.Build.0 = Debug|Any CPU
		{E30D6983-C2DA-488E-A563-704E306979CA}.Debug|Any CPU.Deploy.0 = Debug|Any CPU
		{E30D6983-C2DA-488E-A563-704E306979CA}.Debug|ARM.ActiveCfg = Debug|Any CPU
		{E30D6983-C2DA-488E-A563-704E306979CA}.Debug|ARM.Build.0 = Debug|Any CPU
		{E30D6983-C2DA-488E-A563-704E306979CA}.Debug|ARM.Deploy.0 = Debug|Any CPU
		{E30D6983-C2DA-488E-A563-704E306979CA}.Debug|x64.ActiveCfg = Debug|Any CPU
		{E30D6983-C2DA-488E-A563-704E306979CA}.Debug|x64.Build.0 = Debug|Any CPU
		{E30D6983-C2DA-488E-A563-704E306979CA}.Debug|x64.Deploy.0 = Debug|Any CPU
		{E30D6983-C2DA-488E-A563-704E306979CA}.Debug|x86.ActiveCfg = Debug|Any CPU
		{E30D6983-C2DA-488E-A563-704E306979CA}.Debug|x86.Build.0 = Debug|Any CPU
		{E30D6983-C2DA-488E-A563-704E306979CA}.Debug|x86.Deploy.0 = Debug|Any CPU
		{E30D6983-C2DA-488E-A563-704E306979CA}.Release|Any CPU.ActiveCfg = Release|Any CPU
		{E30D6983-C2DA-488E-A563-704E306979CA}.Release|Any CPU.Build.0 = Release|Any CPU
		{E30D6983-C2DA-488E-A563-704E306979CA}.Release|Any CPU.Deploy.0 = Release|Any CPU
		{E30D6983-C2DA-488E-A563-704E306979CA}.Release|ARM.ActiveCfg = Release|Any CPU
		{E30D6983-C2DA-488E-A563-704E306979CA}.Release|ARM.Build.0 = Release|Any CPU
		{E30D6983-C2DA-488E-A563-704E306979CA}.Release|ARM.Deploy.0 = Release|Any CPU
		{E30D6983-C2DA-488E-A563-704E306979CA}.Release|x64.ActiveCfg = Release|Any CPU
		{E30D6983-C2DA-488E-A563-704E306979CA}.Release|x64.Build.0 = Release|Any CPU
		{E30D6983-C2DA-488E-A563-704E306979CA}.Release|x64.Deploy.0 = Release|Any CPU
		{E30D6983-C2DA-488E-A563-704E306979CA}.Release|x86.ActiveCfg = Release|Any CPU
		{E30D6983-C2DA-488E-A563-704E306979CA}.Release|x86.Build.0 = Release|Any CPU
		{E30D6983-C2DA-488E-A563-704E306979CA}.Release|x86.Deploy.0 = Release|Any CPU
		{FABFD832-D1AD-4F82-803E-E64763A0D7A1}.Debug|Any CPU.ActiveCfg = Debug|Any CPU
		{FABFD832-D1AD-4F82-803E-E64763A0D7A1}.Debug|Any CPU.Build.0 = Debug|Any CPU
		{FABFD832-D1AD-4F82-803E-E64763A0D7A1}.Debug|ARM.ActiveCfg = Debug|Any CPU
		{FABFD832-D1AD-4F82-803E-E64763A0D7A1}.Debug|ARM.Build.0 = Debug|Any CPU
		{FABFD832-D1AD-4F82-803E-E64763A0D7A1}.Debug|x64.ActiveCfg = Debug|Any CPU
		{FABFD832-D1AD-4F82-803E-E64763A0D7A1}.Debug|x64.Build.0 = Debug|Any CPU
		{FABFD832-D1AD-4F82-803E-E64763A0D7A1}.Debug|x86.ActiveCfg = Debug|Any CPU
		{FABFD832-D1AD-4F82-803E-E64763A0D7A1}.Debug|x86.Build.0 = Debug|Any CPU
		{FABFD832-D1AD-4F82-803E-E64763A0D7A1}.Release|Any CPU.ActiveCfg = Release|Any CPU
		{FABFD832-D1AD-4F82-803E-E64763A0D7A1}.Release|Any CPU.Build.0 = Release|Any CPU
		{FABFD832-D1AD-4F82-803E-E64763A0D7A1}.Release|ARM.ActiveCfg = Release|Any CPU
		{FABFD832-D1AD-4F82-803E-E64763A0D7A1}.Release|ARM.Build.0 = Release|Any CPU
		{FABFD832-D1AD-4F82-803E-E64763A0D7A1}.Release|x64.ActiveCfg = Release|Any CPU
		{FABFD832-D1AD-4F82-803E-E64763A0D7A1}.Release|x64.Build.0 = Release|Any CPU
		{FABFD832-D1AD-4F82-803E-E64763A0D7A1}.Release|x86.ActiveCfg = Release|Any CPU
		{FABFD832-D1AD-4F82-803E-E64763A0D7A1}.Release|x86.Build.0 = Release|Any CPU
		{31DB9367-E946-4D27-9EE5-5BEBBAC0F669}.Debug|Any CPU.ActiveCfg = Debug|Any CPU
		{31DB9367-E946-4D27-9EE5-5BEBBAC0F669}.Debug|Any CPU.Build.0 = Debug|Any CPU
		{31DB9367-E946-4D27-9EE5-5BEBBAC0F669}.Debug|ARM.ActiveCfg = Debug|Any CPU
		{31DB9367-E946-4D27-9EE5-5BEBBAC0F669}.Debug|ARM.Build.0 = Debug|Any CPU
		{31DB9367-E946-4D27-9EE5-5BEBBAC0F669}.Debug|x64.ActiveCfg = Debug|Any CPU
		{31DB9367-E946-4D27-9EE5-5BEBBAC0F669}.Debug|x64.Build.0 = Debug|Any CPU
		{31DB9367-E946-4D27-9EE5-5BEBBAC0F669}.Debug|x86.ActiveCfg = Debug|Any CPU
		{31DB9367-E946-4D27-9EE5-5BEBBAC0F669}.Debug|x86.Build.0 = Debug|Any CPU
		{31DB9367-E946-4D27-9EE5-5BEBBAC0F669}.Release|Any CPU.ActiveCfg = Release|Any CPU
		{31DB9367-E946-4D27-9EE5-5BEBBAC0F669}.Release|Any CPU.Build.0 = Release|Any CPU
		{31DB9367-E946-4D27-9EE5-5BEBBAC0F669}.Release|ARM.ActiveCfg = Release|Any CPU
		{31DB9367-E946-4D27-9EE5-5BEBBAC0F669}.Release|ARM.Build.0 = Release|Any CPU
		{31DB9367-E946-4D27-9EE5-5BEBBAC0F669}.Release|x64.ActiveCfg = Release|Any CPU
		{31DB9367-E946-4D27-9EE5-5BEBBAC0F669}.Release|x64.Build.0 = Release|Any CPU
		{31DB9367-E946-4D27-9EE5-5BEBBAC0F669}.Release|x86.ActiveCfg = Release|Any CPU
		{31DB9367-E946-4D27-9EE5-5BEBBAC0F669}.Release|x86.Build.0 = Release|Any CPU
		{CDDB6E12-6EA2-47CC-AF64-2571E01ED267}.Debug|Any CPU.ActiveCfg = Debug|Any CPU
		{CDDB6E12-6EA2-47CC-AF64-2571E01ED267}.Debug|Any CPU.Build.0 = Debug|Any CPU
		{CDDB6E12-6EA2-47CC-AF64-2571E01ED267}.Debug|ARM.ActiveCfg = Debug|Any CPU
		{CDDB6E12-6EA2-47CC-AF64-2571E01ED267}.Debug|ARM.Build.0 = Debug|Any CPU
		{CDDB6E12-6EA2-47CC-AF64-2571E01ED267}.Debug|x64.ActiveCfg = Debug|Any CPU
		{CDDB6E12-6EA2-47CC-AF64-2571E01ED267}.Debug|x64.Build.0 = Debug|Any CPU
		{CDDB6E12-6EA2-47CC-AF64-2571E01ED267}.Debug|x86.ActiveCfg = Debug|Any CPU
		{CDDB6E12-6EA2-47CC-AF64-2571E01ED267}.Debug|x86.Build.0 = Debug|Any CPU
		{CDDB6E12-6EA2-47CC-AF64-2571E01ED267}.Release|Any CPU.ActiveCfg = Release|Any CPU
		{CDDB6E12-6EA2-47CC-AF64-2571E01ED267}.Release|Any CPU.Build.0 = Release|Any CPU
		{CDDB6E12-6EA2-47CC-AF64-2571E01ED267}.Release|ARM.ActiveCfg = Release|Any CPU
		{CDDB6E12-6EA2-47CC-AF64-2571E01ED267}.Release|ARM.Build.0 = Release|Any CPU
		{CDDB6E12-6EA2-47CC-AF64-2571E01ED267}.Release|x64.ActiveCfg = Release|Any CPU
		{CDDB6E12-6EA2-47CC-AF64-2571E01ED267}.Release|x64.Build.0 = Release|Any CPU
		{CDDB6E12-6EA2-47CC-AF64-2571E01ED267}.Release|x86.ActiveCfg = Release|Any CPU
		{CDDB6E12-6EA2-47CC-AF64-2571E01ED267}.Release|x86.Build.0 = Release|Any CPU
		{9A7947D5-79BC-4709-9909-36B1FE33C0A1}.Debug|Any CPU.ActiveCfg = Debug|Any CPU
		{9A7947D5-79BC-4709-9909-36B1FE33C0A1}.Debug|Any CPU.Build.0 = Debug|Any CPU
		{9A7947D5-79BC-4709-9909-36B1FE33C0A1}.Debug|ARM.ActiveCfg = Debug|Any CPU
		{9A7947D5-79BC-4709-9909-36B1FE33C0A1}.Debug|ARM.Build.0 = Debug|Any CPU
		{9A7947D5-79BC-4709-9909-36B1FE33C0A1}.Debug|x64.ActiveCfg = Debug|Any CPU
		{9A7947D5-79BC-4709-9909-36B1FE33C0A1}.Debug|x64.Build.0 = Debug|Any CPU
		{9A7947D5-79BC-4709-9909-36B1FE33C0A1}.Debug|x86.ActiveCfg = Debug|Any CPU
		{9A7947D5-79BC-4709-9909-36B1FE33C0A1}.Debug|x86.Build.0 = Debug|Any CPU
		{9A7947D5-79BC-4709-9909-36B1FE33C0A1}.Release|Any CPU.ActiveCfg = Release|Any CPU
		{9A7947D5-79BC-4709-9909-36B1FE33C0A1}.Release|Any CPU.Build.0 = Release|Any CPU
		{9A7947D5-79BC-4709-9909-36B1FE33C0A1}.Release|ARM.ActiveCfg = Release|Any CPU
		{9A7947D5-79BC-4709-9909-36B1FE33C0A1}.Release|ARM.Build.0 = Release|Any CPU
		{9A7947D5-79BC-4709-9909-36B1FE33C0A1}.Release|x64.ActiveCfg = Release|Any CPU
		{9A7947D5-79BC-4709-9909-36B1FE33C0A1}.Release|x64.Build.0 = Release|Any CPU
		{9A7947D5-79BC-4709-9909-36B1FE33C0A1}.Release|x86.ActiveCfg = Release|Any CPU
		{9A7947D5-79BC-4709-9909-36B1FE33C0A1}.Release|x86.Build.0 = Release|Any CPU
		{DD1970B1-AC5F-492D-932F-E68C2AB7BADF}.Debug|Any CPU.ActiveCfg = Debug|Any CPU
		{DD1970B1-AC5F-492D-932F-E68C2AB7BADF}.Debug|Any CPU.Build.0 = Debug|Any CPU
		{DD1970B1-AC5F-492D-932F-E68C2AB7BADF}.Debug|ARM.ActiveCfg = Debug|Any CPU
		{DD1970B1-AC5F-492D-932F-E68C2AB7BADF}.Debug|ARM.Build.0 = Debug|Any CPU
		{DD1970B1-AC5F-492D-932F-E68C2AB7BADF}.Debug|x64.ActiveCfg = Debug|Any CPU
		{DD1970B1-AC5F-492D-932F-E68C2AB7BADF}.Debug|x64.Build.0 = Debug|Any CPU
		{DD1970B1-AC5F-492D-932F-E68C2AB7BADF}.Debug|x86.ActiveCfg = Debug|Any CPU
		{DD1970B1-AC5F-492D-932F-E68C2AB7BADF}.Debug|x86.Build.0 = Debug|Any CPU
		{DD1970B1-AC5F-492D-932F-E68C2AB7BADF}.Release|Any CPU.ActiveCfg = Release|Any CPU
		{DD1970B1-AC5F-492D-932F-E68C2AB7BADF}.Release|Any CPU.Build.0 = Release|Any CPU
		{DD1970B1-AC5F-492D-932F-E68C2AB7BADF}.Release|ARM.ActiveCfg = Release|Any CPU
		{DD1970B1-AC5F-492D-932F-E68C2AB7BADF}.Release|ARM.Build.0 = Release|Any CPU
		{DD1970B1-AC5F-492D-932F-E68C2AB7BADF}.Release|x64.ActiveCfg = Release|Any CPU
		{DD1970B1-AC5F-492D-932F-E68C2AB7BADF}.Release|x64.Build.0 = Release|Any CPU
		{DD1970B1-AC5F-492D-932F-E68C2AB7BADF}.Release|x86.ActiveCfg = Release|Any CPU
		{DD1970B1-AC5F-492D-932F-E68C2AB7BADF}.Release|x86.Build.0 = Release|Any CPU
	EndGlobalSection
	GlobalSection(SolutionProperties) = preSolution
		HideSolutionNode = FALSE
	EndGlobalSection
	GlobalSection(NestedProjects) = preSolution
		{00DE63A0-0378-43F8-A045-096B6AFB4CF9} = {9E3946E3-EED3-4CAD-9F5E-526310CF6934}
		{E649D839-ABCC-4B57-80D4-9FEEDF88F68F} = {8C020C5B-A980-4DA3-A18E-99D65C36BF2F}
		{AFDA38A3-1135-4519-8042-D7AAA2601344} = {6B03BBED-FE38-476F-A319-ADBBFD8A0333}
		{8279962A-47C0-4D03-8783-E0043BD9AE4C} = {6B03BBED-FE38-476F-A319-ADBBFD8A0333}
		{E30D6983-C2DA-488E-A563-704E306979CA} = {376428C6-F885-4C09-AAAC-1C7123D12087}
		{FABFD832-D1AD-4F82-803E-E64763A0D7A1} = {8B8C4F4C-CC62-4C7E-9AF1-C5C1B6757B9E}
		{31DB9367-E946-4D27-9EE5-5BEBBAC0F669} = {8B8C4F4C-CC62-4C7E-9AF1-C5C1B6757B9E}
		{CDDB6E12-6EA2-47CC-AF64-2571E01ED267} = {8B8C4F4C-CC62-4C7E-9AF1-C5C1B6757B9E}
		{9A7947D5-79BC-4709-9909-36B1FE33C0A1} = {8B8C4F4C-CC62-4C7E-9AF1-C5C1B6757B9E}
		{DD1970B1-AC5F-492D-932F-E68C2AB7BADF} = {8B8C4F4C-CC62-4C7E-9AF1-C5C1B6757B9E}
	EndGlobalSection
	GlobalSection(ExtensibilityGlobals) = postSolution
		SolutionGuid = {64E4B3CC-80B6-4A45-819C-5D46E1BE7AD2}
	EndGlobalSection
EndGlobal
